
Microsoft Visual Studio Solution File, Format Version 12.00
# Visual Studio Version 17
VisualStudioVersion = 17.0.31903.59
MinimumVisualStudioVersion = 10.0.40219.1
Project("{FAE04EC0-301F-11D3-BF4B-00C04F79EFBC}") = "Opentelemetry.Collector.Dotnet.Test", "test\Opentelemetry.Collector.Dotnet.Test.csproj", "{05DE38B4-3BDE-40B2-910B-D8EE1105A2EA}"
EndProject
Project("{FAE04EC0-301F-11D3-BF4B-00C04F79EFBC}") = "Opentelemetry.Collector.Dotnet", "src\Opentelemetry.Collector.Dotnet.csproj", "{A202E32A-FD5B-403F-86B6-24291192BCE3}"
EndProject
Global
	GlobalSection(SolutionConfigurationPlatforms) = preSolution
		Debug|Any CPU = Debug|Any CPU
		Release|Any CPU = Release|Any CPU
	EndGlobalSection
	GlobalSection(ProjectConfigurationPlatforms) = postSolution
		{05DE38B4-3BDE-40B2-910B-D8EE1105A2EA}.Debug|Any CPU.ActiveCfg = Debug|Any CPU
		{05DE38B4-3BDE-40B2-910B-D8EE1105A2EA}.Debug|Any CPU.Build.0 = Debug|Any CPU
		{05DE38B4-3BDE-40B2-910B-D8EE1105A2EA}.Release|Any CPU.ActiveCfg = Release|Any CPU
		{05DE38B4-3BDE-40B2-910B-D8EE1105A2EA}.Release|Any CPU.Build.0 = Release|Any CPU
		{A202E32A-FD5B-403F-86B6-24291192BCE3}.Debug|Any CPU.ActiveCfg = Debug|Any CPU
		{A202E32A-FD5B-403F-86B6-24291192BCE3}.Debug|Any CPU.Build.0 = Debug|Any CPU
		{A202E32A-FD5B-403F-86B6-24291192BCE3}.Release|Any CPU.ActiveCfg = Release|Any CPU
		{A202E32A-FD5B-403F-86B6-24291192BCE3}.Release|Any CPU.Build.0 = Release|Any CPU
	EndGlobalSection
	GlobalSection(SolutionProperties) = preSolution
		HideSolutionNode = FALSE
	EndGlobalSection
EndGlobal
